# This file was autogenerated by uv via the following command:
#    uv pip compile --output-file pyproject.lock pyproject.toml
aiohappyeyeballs==2.6.1
    # via aiohttp
aiohttp==3.12.13
    # via web3
aiosignal==1.3.2
    # via aiohttp
annotated-types==0.7.0
    # via pydantic
apscheduler==3.11.0
    # via httpayer (pyproject.toml)
asgiref==3.8.1
    # via flask
attrs==25.3.0
    # via
    #   aiohttp
    #   jsonschema
    #   referencing
bitarray==3.4.2
    # via eth-account
blinker==1.9.0
    # via flask
cachetools==6.1.0
    # via httpayer (pyproject.toml)
ccip-terminal==0.1.3
    # via httpayer (pyproject.toml)
certifi==2025.6.15
    # via requests
charset-normalizer==3.4.2
    # via requests
chartengineer==0.1.3
    # via httpayer (pyproject.toml)
choreographer==1.0.9
    # via kaleido
ckzg==2.1.1
    # via eth-account
click==8.2.1
    # via
    #   httpayer (pyproject.toml)
    #   flask
colorama==0.4.6
    # via click
colorcet==3.1.0
    # via chartengineer
contourpy==1.3.2
    # via matplotlib
cycler==0.12.1
    # via matplotlib
cytoolz==1.0.1
    # via eth-utils
diskcache==5.6.3
    # via httpayer (pyproject.toml)
dotenv==0.9.9
    # via chartengineer
eth-abi==5.2.0
    # via
    #   eth-account
    #   web3
eth-account==0.13.7
    # via web3
eth-hash==0.7.1
    # via
    #   eth-utils
    #   web3
eth-keyfile==0.8.1
    # via eth-account
eth-keys==0.7.0
    # via
    #   eth-account
    #   eth-keyfile
eth-rlp==2.2.0
    # via eth-account
eth-typing==5.2.1
    # via
    #   eth-abi
    #   eth-keys
    #   eth-utils
    #   web3
eth-utils==5.3.0
    # via
    #   eth-abi
    #   eth-account
    #   eth-keyfile
    #   eth-keys
    #   eth-rlp
    #   rlp
    #   web3
fastjsonschema==2.21.1
    # via nbformat
flask==3.1.1
    # via httpayer (pyproject.toml)
fonttools==4.58.4
    # via matplotlib
frozenlist==1.7.0
    # via
    #   aiohttp
    #   aiosignal
hexbytes==1.3.1
    # via
    #   eth-account
    #   eth-rlp
    #   web3
idna==3.10
    # via
    #   requests
    #   yarl
itsdangerous==2.2.0
    # via flask
jinja2==3.1.6
    # via flask
jsonschema==4.24.0
    # via nbformat
jsonschema-specifications==2025.4.1
    # via jsonschema
jupyter-core==5.8.1
    # via nbformat
kaleido==1.0.0
    # via chartengineer
kiwisolver==1.4.8
    # via matplotlib
logistro==1.1.0
    # via
    #   choreographer
    #   kaleido
markupsafe==3.0.2
    # via
    #   flask
    #   jinja2
    #   werkzeug
matplotlib==3.10.3
    # via chartengineer
multidict==6.5.0
    # via
    #   aiohttp
    #   yarl
narwhals==1.43.1
    # via plotly
nbformat==5.10.4
    # via chartengineer
numpy==2.3.0
    # via
    #   httpayer (pyproject.toml)
    #   chartengineer
    #   contourpy
    #   matplotlib
    #   pandas
orjson==3.10.18
    # via kaleido
packaging==25.0
    # via
    #   kaleido
    #   matplotlib
    #   plotly
pandas==2.3.0
    # via
    #   httpayer (pyproject.toml)
    #   chartengineer
parsimonious==0.10.0
    # via eth-abi
pillow==11.2.1
    # via matplotlib
platformdirs==4.3.8
    # via jupyter-core
plotly==6.1.2
    # via chartengineer
propcache==0.3.2
    # via
    #   aiohttp
    #   yarl
pycryptodome==3.23.0
    # via
    #   eth-hash
    #   eth-keyfile
pydantic==2.11.7
    # via
    #   eth-account
    #   eth-utils
    #   web3
pydantic-core==2.33.2
    # via pydantic
pyngrok==7.2.11
    # via httpayer (pyproject.toml)
pyparsing==3.2.3
    # via matplotlib
python-dateutil==2.9.0.post0
    # via
    #   matplotlib
    #   pandas
python-dotenv==1.1.0
    # via
    #   httpayer (pyproject.toml)
    #   dotenv
python-viem==0.1.2
    # via httpayer (pyproject.toml)
pytz==2025.2
    # via pandas
pyunormalize==16.0.0
    # via web3
pyyaml==6.0.2
    # via pyngrok
referencing==0.36.2
    # via
    #   jsonschema
    #   jsonschema-specifications
regex==2024.11.6
    # via parsimonious
requests==2.32.4
    # via
    #   python-viem
    #   web3
rlp==4.1.0
    # via
    #   eth-account
    #   eth-rlp
rpds-py==0.25.1
    # via
    #   jsonschema
    #   referencing
simplejson==3.20.1
    # via choreographer
six==1.17.0
    # via python-dateutil
toolz==1.0.0
    # via cytoolz
traitlets==5.14.3
    # via
    #   jupyter-core
    #   nbformat
types-requests==2.32.4.20250611
    # via web3
typing-extensions==4.14.0
    # via
    #   eth-typing
    #   pydantic
    #   pydantic-core
    #   referencing
    #   typing-inspection
    #   web3
typing-inspection==0.4.1
    # via pydantic
tzdata==2025.2
    # via
    #   pandas
    #   tzlocal
tzlocal==5.3.1
    # via apscheduler
urllib3==2.5.0
    # via
    #   requests
    #   types-requests
web3==7.12.0
    # via httpayer (pyproject.toml)
websockets==15.0.1
    # via web3
werkzeug==3.1.3
    # via flask
yarl==1.20.1
    # via aiohttp
